
Microsoft Visual Studio Solution File, Format Version 12.00
# Visual Studio Version 17
VisualStudioVersion = 17.0.31612.314
MinimumVisualStudioVersion = 10.0.40219.1
Project("{9A19103F-16F7-4668-BE54-9A1E7A4F7556}") = "SimpleApp", "SimpleApp\SimpleApp.csproj", "{2FDCA03D-B8A1-4536-87A3-4261CC037DD6}"
EndProject
Project("{FAE04EC0-301F-11D3-BF4B-00C04F79EFBC}") = "SimpleApp.Tests", "SimpleApp.Tests\SimpleApp.Tests.csproj", "{A9A4E411-3F71-4AE2-B65F-69568D68B7A1}"
EndProject
Global
	GlobalSection(SolutionConfigurationPlatforms) = preSolution
		Debug|Any CPU = Debug|Any CPU
		Release|Any CPU = Release|Any CPU
	EndGlobalSection
	GlobalSection(ProjectConfigurationPlatforms) = postSolution
		{2FDCA03D-B8A1-4536-87A3-4261CC037DD6}.Debug|Any CPU.ActiveCfg = Debug|Any CPU
		{2FDCA03D-B8A1-4536-87A3-4261CC037DD6}.Debug|Any CPU.Build.0 = Debug|Any CPU
		{2FDCA03D-B8A1-4536-87A3-4261CC037DD6}.Release|Any CPU.ActiveCfg = Release|Any CPU
		{2FDCA03D-B8A1-4536-87A3-4261CC037DD6}.Release|Any CPU.Build.0 = Release|Any CPU
		{A9A4E411-3F71-4AE2-B65F-69568D68B7A1}.Debug|Any CPU.ActiveCfg = Debug|Any CPU
		{A9A4E411-3F71-4AE2-B65F-69568D68B7A1}.Debug|Any CPU.Build.0 = Debug|Any CPU
		{A9A4E411-3F71-4AE2-B65F-69568D68B7A1}.Release|Any CPU.ActiveCfg = Release|Any CPU
		{A9A4E411-3F71-4AE2-B65F-69568D68B7A1}.Release|Any CPU.Build.0 = Release|Any CPU
	EndGlobalSection
	GlobalSection(SolutionProperties) = preSolution
		HideSolutionNode = FALSE
	EndGlobalSection
	GlobalSection(ExtensibilityGlobals) = postSolution
		SolutionGuid = {713A2689-27B1-4648-B4ED-3EC94C66922D}
	EndGlobalSection
EndGlobal
